
Microsoft Visual Studio Solution File, Format Version 12.00
# Visual Studio Version 17
VisualStudioVersion = 17.7.34202.233
MinimumVisualStudioVersion = 10.0.40219.1
Project("{FAE04EC0-301F-11D3-BF4B-00C04F79EFBC}") = "dijkstra", "dijkstra\dijkstra.csproj", "{489E6884-7AC1-4A3F-BF13-269D6F464F51}"
EndProject
Global
	GlobalSection(SolutionConfigurationPlatforms) = preSolution
		Debug|Any CPU = Debug|Any CPU
		Release|Any CPU = Release|Any CPU
	EndGlobalSection
	GlobalSection(ProjectConfigurationPlatforms) = postSolution
		{489E6884-7AC1-4A3F-BF13-269D6F464F51}.Debug|Any CPU.ActiveCfg = Debug|Any CPU
		{489E6884-7AC1-4A3F-BF13-269D6F464F51}.Debug|Any CPU.Build.0 = Debug|Any CPU
		{489E6884-7AC1-4A3F-BF13-269D6F464F51}.Release|Any CPU.ActiveCfg = Release|Any CPU
		{489E6884-7AC1-4A3F-BF13-269D6F464F51}.Release|Any CPU.Build.0 = Release|Any CPU
	EndGlobalSection
	GlobalSection(SolutionProperties) = preSolution
		HideSolutionNode = FALSE
	EndGlobalSection
	GlobalSection(ExtensibilityGlobals) = postSolution
		SolutionGuid = {67AE3274-F60D-4AB5-B4EB-B3D36E08100C}
	EndGlobalSection
EndGlobal
