
Microsoft Visual Studio Solution File, Format Version 12.00
# Visual Studio Version 17
VisualStudioVersion = 17.3.32922.545
MinimumVisualStudioVersion = 10.0.40219.1
Project("{FAE04EC0-301F-11D3-BF4B-00C04F79EFBC}") = "NWP", "NWP\NWP.csproj", "{05763003-39B1-4BE4-AFD4-E2861DFFB264}"
EndProject
Global
	GlobalSection(SolutionConfigurationPlatforms) = preSolution
		Debug|Any CPU = Debug|Any CPU
		Release|Any CPU = Release|Any CPU
	EndGlobalSection
	GlobalSection(ProjectConfigurationPlatforms) = postSolution
		{05763003-39B1-4BE4-AFD4-E2861DFFB264}.Debug|Any CPU.ActiveCfg = Debug|Any CPU
		{05763003-39B1-4BE4-AFD4-E2861DFFB264}.Debug|Any CPU.Build.0 = Debug|Any CPU
		{05763003-39B1-4BE4-AFD4-E2861DFFB264}.Release|Any CPU.ActiveCfg = Release|Any CPU
		{05763003-39B1-4BE4-AFD4-E2861DFFB264}.Release|Any CPU.Build.0 = Release|Any CPU
	EndGlobalSection
	GlobalSection(SolutionProperties) = preSolution
		HideSolutionNode = FALSE
	EndGlobalSection
	GlobalSection(ExtensibilityGlobals) = postSolution
		SolutionGuid = {7FBC379B-06A6-4EE8-B1E0-09228E3D660A}
	EndGlobalSection
EndGlobal
